
Microsoft Visual Studio Solution File, Format Version 12.00
# Visual Studio Version 17
VisualStudioVersion = 17.11.35219.272
MinimumVisualStudioVersion = 10.0.40219.1
Project("{9A19103F-16F7-4668-BE54-9A1E7A4F7556}") = "EF Core Day1", "EF Core Day1\EF Core Day1.csproj", "{ACA73407-C8E7-4848-88C6-90113E2C6D91}"
EndProject
Project("{FAE04EC0-301F-11D3-BF4B-00C04F79EFBC}") = "EF_Core", "EF_Core\EF_Core.csproj", "{2564D8FC-1E4A-4DC4-B4C1-0C76BF733332}"
EndProject
Global
	GlobalSection(SolutionConfigurationPlatforms) = preSolution
		Debug|Any CPU = Debug|Any CPU
		Release|Any CPU = Release|Any CPU
	EndGlobalSection
	GlobalSection(ProjectConfigurationPlatforms) = postSolution
		{ACA73407-C8E7-4848-88C6-90113E2C6D91}.Debug|Any CPU.ActiveCfg = Debug|Any CPU
		{ACA73407-C8E7-4848-88C6-90113E2C6D91}.Debug|Any CPU.Build.0 = Debug|Any CPU
		{ACA73407-C8E7-4848-88C6-90113E2C6D91}.Release|Any CPU.ActiveCfg = Release|Any CPU
		{ACA73407-C8E7-4848-88C6-90113E2C6D91}.Release|Any CPU.Build.0 = Release|Any CPU
		{2564D8FC-1E4A-4DC4-B4C1-0C76BF733332}.Debug|Any CPU.ActiveCfg = Debug|Any CPU
		{2564D8FC-1E4A-4DC4-B4C1-0C76BF733332}.Debug|Any CPU.Build.0 = Debug|Any CPU
		{2564D8FC-1E4A-4DC4-B4C1-0C76BF733332}.Release|Any CPU.ActiveCfg = Release|Any CPU
		{2564D8FC-1E4A-4DC4-B4C1-0C76BF733332}.Release|Any CPU.Build.0 = Release|Any CPU
	EndGlobalSection
	GlobalSection(SolutionProperties) = preSolution
		HideSolutionNode = FALSE
	EndGlobalSection
	GlobalSection(ExtensibilityGlobals) = postSolution
		SolutionGuid = {844A66CF-3D7E-43DD-8D25-6213E801C2A5}
	EndGlobalSection
EndGlobal
